// !$*UTF8*$!
{
	archiveVersion = 1;
	classes = {
	};
	objectVersion = 46;
	objects = {

/* Begin PBXBuildFile section */
		5EBD10221D0B354400E2183F /* AppDelegate.swift in Sources */ = {isa = PBXBuildFile; fileRef = 5EBD10211D0B354400E2183F /* AppDelegate.swift */; };
		5EBD10241D0B354400E2183F /* ViewController.swift in Sources */ = {isa = PBXBuildFile; fileRef = 5EBD10231D0B354400E2183F /* ViewController.swift */; };
		5EBD10271D0B354400E2183F /* Main.storyboard in Resources */ = {isa = PBXBuildFile; fileRef = 5EBD10251D0B354400E2183F /* Main.storyboard */; };
		5EBD10291D0B354400E2183F /* Assets.xcassets in Resources */ = {isa = PBXBuildFile; fileRef = 5EBD10281D0B354400E2183F /* Assets.xcassets */; };
		5EBD102C1D0B354400E2183F /* LaunchScreen.storyboard in Resources */ = {isa = PBXBuildFile; fileRef = 5EBD102A1D0B354400E2183F /* LaunchScreen.storyboard */; };
		5EBD10371D0B354400E2183F /* ClickCounterTests.swift in Sources */ = {isa = PBXBuildFile; fileRef = 5EBD10361D0B354400E2183F /* ClickCounterTests.swift */; };
		5EBD10421D0B354400E2183F /* ClickCounterUITests.swift in Sources */ = {isa = PBXBuildFile; fileRef = 5EBD10411D0B354400E2183F /* ClickCounterUITests.swift */; };
/* End PBXBuildFile section */

/* Begin PBXContainerItemProxy section */
		5EBD10331D0B354400E2183F /* PBXContainerItemProxy */ = {
			isa = PBXContainerItemProxy;
			containerPortal = 5EBD10161D0B354300E2183F /* Project object */;
			proxyType = 1;
			remoteGlobalIDString = 5EBD101D1D0B354400E2183F;
			remoteInfo = ClickCounter;
		};
		5EBD103E1D0B354400E2183F /* PBXContainerItemProxy */ = {
			isa = PBXContainerItemProxy;
			containerPortal = 5EBD10161D0B354300E2183F /* Project object */;
			proxyType = 1;
			remoteGlobalIDString = 5EBD101D1D0B354400E2183F;
			remoteInfo = ClickCounter;
		};
/* End PBXContainerItemProxy section */

/* Begin PBXFileReference section */
		5EBD101E1D0B354400E2183F /* ClickCounter.app */ = {isa = PBXFileReference; explicitFileType = wrapper.application; includeInIndex = 0; path = ClickCounter.app; sourceTree = BUILT_PRODUCTS_DIR; };
		5EBD10211D0B354400E2183F /* AppDelegate.swift */ = {isa = PBXFileReference; lastKnownFileType = sourcecode.swift; path = AppDelegate.swift; sourceTree = "<group>"; };
		5EBD10231D0B354400E2183F /* ViewController.swift */ = {isa = PBXFileReference; lastKnownFileType = sourcecode.swift; path = ViewController.swift; sourceTree = "<group>"; };
		5EBD10261D0B354400E2183F /* Base */ = {isa = PBXFileReference; lastKnownFileType = file.storyboard; name = Base; path = Base.lproj/Main.storyboard; sourceTree = "<group>"; };
		5EBD10281D0B354400E2183F /* Assets.xcassets */ = {isa = PBXFileReference; lastKnownFileType = folder.assetcatalog; path = Assets.xcassets; sourceTree = "<group>"; };
		5EBD102B1D0B354400E2183F /* Base */ = {isa = PBXFileReference; lastKnownFileType = file.storyboard; name = Base; path = Base.lproj/LaunchScreen.storyboard; sourceTree = "<group>"; };
		5EBD102D1D0B354400E2183F /* Info.plist */ = {isa = PBXFileReference; lastKnownFileType = text.plist.xml; path = Info.plist; sourceTree = "<group>"; };
		5EBD10321D0B354400E2183F /* ClickCounterTests.xctest */ = {isa = PBXFileReference; explicitFileType = wrapper.cfbundle; includeInIndex = 0; path = ClickCounterTests.xctest; sourceTree = BUILT_PRODUCTS_DIR; };
		5EBD10361D0B354400E2183F /* ClickCounterTests.swift */ = {isa = PBXFileReference; lastKnownFileType = sourcecode.swift; path = ClickCounterTests.swift; sourceTree = "<group>"; };
		5EBD10381D0B354400E2183F /* Info.plist */ = {isa = PBXFileReference; lastKnownFileType = text.plist.xml; path = Info.plist; sourceTree = "<group>"; };
		5EBD103D1D0B354400E2183F /* ClickCounterUITests.xctest */ = {isa = PBXFileReference; explicitFileType = wrapper.cfbundle; includeInIndex = 0; path = ClickCounterUITests.xctest; sourceTree = BUILT_PRODUCTS_DIR; };
		5EBD10411D0B354400E2183F /* ClickCounterUITests.swift */ = {isa = PBXFileReference; lastKnownFileType = sourcecode.swift; path = ClickCounterUITests.swift; sourceTree = "<group>"; };
		5EBD10431D0B354400E2183F /* Info.plist */ = {isa = PBXFileReference; lastKnownFileType = text.plist.xml; path = Info.plist; sourceTree = "<group>"; };
/* End PBXFileReference section */

/* Begin PBXFrameworksBuildPhase section */
		5EBD101B1D0B354400E2183F /* Frameworks */ = {
			isa = PBXFrameworksBuildPhase;
			buildActionMask = 2147483647;
			files = (
			);
			runOnlyForDeploymentPostprocessing = 0;
		};
		5EBD102F1D0B354400E2183F /* Frameworks */ = {
			isa = PBXFrameworksBuildPhase;
			buildActionMask = 2147483647;
			files = (
			);
			runOnlyForDeploymentPostprocessing = 0;
		};
		5EBD103A1D0B354400E2183F /* Frameworks */ = {
			isa = PBXFrameworksBuildPhase;
			buildActionMask = 2147483647;
			files = (
			);
			runOnlyForDeploymentPostprocessing = 0;
		};
/* End PBXFrameworksBuildPhase section */

/* Begin PBXGroup section */
		5EBD10151D0B354300E2183F = {
			isa = PBXGroup;
			children = (
				5EBD10201D0B354400E2183F /* ClickCounter */,
				5EBD10351D0B354400E2183F /* ClickCounterTests */,
				5EBD10401D0B354400E2183F /* ClickCounterUITests */,
				5EBD101F1D0B354400E2183F /* Products */,
			);
			sourceTree = "<group>";
		};
		5EBD101F1D0B354400E2183F /* Products */ = {
			isa = PBXGroup;
			children = (
				5EBD101E1D0B354400E2183F /* ClickCounter.app */,
				5EBD10321D0B354400E2183F /* ClickCounterTests.xctest */,
				5EBD103D1D0B354400E2183F /* ClickCounterUITests.xctest */,
			);
			name = Products;
			sourceTree = "<group>";
		};
		5EBD10201D0B354400E2183F /* ClickCounter */ = {
			isa = PBXGroup;
			children = (
				5EBD10211D0B354400E2183F /* AppDelegate.swift */,
				5EBD10231D0B354400E2183F /* ViewController.swift */,
				5EBD10251D0B354400E2183F /* Main.storyboard */,
				5EBD10281D0B354400E2183F /* Assets.xcassets */,
				5EBD102A1D0B354400E2183F /* LaunchScreen.storyboard */,
				5EBD102D1D0B354400E2183F /* Info.plist */,
			);
			path = ClickCounter;
			sourceTree = "<group>";
		};
		5EBD10351D0B354400E2183F /* ClickCounterTests */ = {
			isa = PBXGroup;
			children = (
				5EBD10361D0B354400E2183F /* ClickCounterTests.swift */,
				5EBD10381D0B354400E2183F /* Info.plist */,
			);
			path = ClickCounterTests;
			sourceTree = "<group>";
		};
		5EBD10401D0B354400E2183F /* ClickCounterUITests */ = {
			isa = PBXGroup;
			children = (
				5EBD10411D0B354400E2183F /* ClickCounterUITests.swift */,
				5EBD10431D0B354400E2183F /* Info.plist */,
			);
			path = ClickCounterUITests;
			sourceTree = "<group>";
		};
/* End PBXGroup section */

/* Begin PBXNativeTarget section */
		5EBD101D1D0B354400E2183F /* ClickCounter */ = {
			isa = PBXNativeTarget;
			buildConfigurationList = 5EBD10461D0B354400E2183F /* Build configuration list for PBXNativeTarget "ClickCounter" */;
			buildPhases = (
				5EBD101A1D0B354400E2183F /* Sources */,
				5EBD101B1D0B354400E2183F /* Frameworks */,
				5EBD101C1D0B354400E2183F /* Resources */,
			);
			buildRules = (
			);
			dependencies = (
			);
			name = ClickCounter;
			productName = ClickCounter;
			productReference = 5EBD101E1D0B354400E2183F /* ClickCounter.app */;
			productType = "com.apple.product-type.application";
		};
		5EBD10311D0B354400E2183F /* ClickCounterTests */ = {
			isa = PBXNativeTarget;
			buildConfigurationList = 5EBD10491D0B354400E2183F /* Build configuration list for PBXNativeTarget "ClickCounterTests" */;
			buildPhases = (
				5EBD102E1D0B354400E2183F /* Sources */,
				5EBD102F1D0B354400E2183F /* Frameworks */,
				5EBD10301D0B354400E2183F /* Resources */,
			);
			buildRules = (
			);
			dependencies = (
				5EBD10341D0B354400E2183F /* PBXTargetDependency */,
			);
			name = ClickCounterTests;
			productName = ClickCounterTests;
			productReference = 5EBD10321D0B354400E2183F /* ClickCounterTests.xctest */;
			productType = "com.apple.product-type.bundle.unit-test";
		};
		5EBD103C1D0B354400E2183F /* ClickCounterUITests */ = {
			isa = PBXNativeTarget;
			buildConfigurationList = 5EBD104C1D0B354400E2183F /* Build configuration list for PBXNativeTarget "ClickCounterUITests" */;
			buildPhases = (
				5EBD10391D0B354400E2183F /* Sources */,
				5EBD103A1D0B354400E2183F /* Frameworks */,
				5EBD103B1D0B354400E2183F /* Resources */,
			);
			buildRules = (
			);
			dependencies = (
				5EBD103F1D0B354400E2183F /* PBXTargetDependency */,
			);
			name = ClickCounterUITests;
			productName = ClickCounterUITests;
			productReference = 5EBD103D1D0B354400E2183F /* ClickCounterUITests.xctest */;
			productType = "com.apple.product-type.bundle.ui-testing";
		};
/* End PBXNativeTarget section */

/* Begin PBXProject section */
		5EBD10161D0B354300E2183F /* Project object */ = {
			isa = PBXProject;
			attributes = {
				LastSwiftUpdateCheck = 0730;
				LastUpgradeCheck = 0730;
				ORGANIZATIONNAME = akshaytiyer;
				TargetAttributes = {
					5EBD101D1D0B354400E2183F = {
						CreatedOnToolsVersion = 7.3.1;
						DevelopmentTeam = GNRCM5BXKW;
					};
					5EBD10311D0B354400E2183F = {
						CreatedOnToolsVersion = 7.3.1;
						DevelopmentTeam = GNRCM5BXKW;
						TestTargetID = 5EBD101D1D0B354400E2183F;
					};
					5EBD103C1D0B354400E2183F = {
						CreatedOnToolsVersion = 7.3.1;
						DevelopmentTeam = GNRCM5BXKW;
						TestTargetID = 5EBD101D1D0B354400E2183F;
					};
				};
			};
			buildConfigurationList = 5EBD10191D0B354400E2183F /* Build configuration list for PBXProject "ClickCounter" */;
			compatibilityVersion = "Xcode 3.2";
			developmentRegion = English;
			hasScannedForEncodings = 0;
			knownRegions = (
				en,
				Base,
			);
			mainGroup = 5EBD10151D0B354300E2183F;
			productRefGroup = 5EBD101F1D0B354400E2183F /* Products */;
			projectDirPath = "";
			projectRoot = "";
			targets = (
				5EBD101D1D0B354400E2183F /* ClickCounter */,
				5EBD10311D0B354400E2183F /* ClickCounterTests */,
				5EBD103C1D0B354400E2183F /* ClickCounterUITests */,
			);
		};
/* End PBXProject section */

/* Begin PBXResourcesBuildPhase section */
		5EBD101C1D0B354400E2183F /* Resources */ = {
			isa = PBXResourcesBuildPhase;
			buildActionMask = 2147483647;
			files = (
				5EBD102C1D0B354400E2183F /* LaunchScreen.storyboard in Resources */,
				5EBD10291D0B354400E2183F /* Assets.xcassets in Resources */,
				5EBD10271D0B354400E2183F /* Main.storyboard in Resources */,
			);
			runOnlyForDeploymentPostprocessing = 0;
		};
		5EBD10301D0B354400E2183F /* Resources */ = {
			isa = PBXResourcesBuildPhase;
			buildActionMask = 2147483647;
			files = (
			);
			runOnlyForDeploymentPostprocessing = 0;
		};
		5EBD103B1D0B354400E2183F /* Resources */ = {
			isa = PBXResourcesBuildPhase;
			buildActionMask = 2147483647;
			files = (
			);
			runOnlyForDeploymentPostprocessing = 0;
		};
/* End PBXResourcesBuildPhase section */

/* Begin PBXSourcesBuildPhase section */
		5EBD101A1D0B354400E2183F /* Sources */ = {
			isa = PBXSourcesBuildPhase;
			buildActionMask = 2147483647;
			files = (
				5EBD10241D0B354400E2183F /* ViewController.swift in Sources */,
				5EBD10221D0B354400E2183F /* AppDelegate.swift in Sources */,
			);
			runOnlyForDeploymentPostprocessing = 0;
		};
		5EBD102E1D0B354400E2183F /* Sources */ = {
			isa = PBXSourcesBuildPhase;
			buildActionMask = 2147483647;
			files = (
				5EBD10371D0B354400E2183F /* ClickCounterTests.swift in Sources */,
			);
			runOnlyForDeploymentPostprocessing = 0;
		};
		5EBD10391D0B354400E2183F /* Sources */ = {
			isa = PBXSourcesBuildPhase;
			buildActionMask = 2147483647;
			files = (
				5EBD10421D0B354400E2183F /* ClickCounterUITests.swift in Sources */,
			);
			runOnlyForDeploymentPostprocessing = 0;
		};
/* End PBXSourcesBuildPhase section */

/* Begin PBXTargetDependency section */
		5EBD10341D0B354400E2183F /* PBXTargetDependency */ = {
			isa = PBXTargetDependency;
			target = 5EBD101D1D0B354400E2183F /* ClickCounter */;
			targetProxy = 5EBD10331D0B354400E2183F /* PBXContainerItemProxy */;
		};
		5EBD103F1D0B354400E2183F /* PBXTargetDependency */ = {
			isa = PBXTargetDependency;
			target = 5EBD101D1D0B354400E2183F /* ClickCounter */;
			targetProxy = 5EBD103E1D0B354400E2183F /* PBXContainerItemProxy */;
		};
/* End PBXTargetDependency section */

/* Begin PBXVariantGroup section */
		5EBD10251D0B354400E2183F /* Main.storyboard */ = {
			isa = PBXVariantGroup;
			children = (
				5EBD10261D0B354400E2183F /* Base */,
			);
			name = Main.storyboard;
			sourceTree = "<group>";
		};
		5EBD102A1D0B354400E2183F /* LaunchScreen.storyboard */ = {
			isa = PBXVariantGroup;
			children = (
				5EBD102B1D0B354400E2183F /* Base */,
			);
			name = LaunchScreen.storyboard;
			sourceTree = "<group>";
		};
/* End PBXVariantGroup section */

/* Begin XCBuildConfiguration section */
		5EBD10441D0B354400E2183F /* Debug */ = {
			isa = XCBuildConfiguration;
			buildSettings = {
				ALWAYS_SEARCH_USER_PATHS = NO;
				CLANG_ANALYZER_NONNULL = YES;
				CLANG_CXX_LANGUAGE_STANDARD = "gnu++0x";
				CLANG_CXX_LIBRARY = "libc++";
				CLANG_ENABLE_MODULES = YES;
				CLANG_ENABLE_OBJC_ARC = YES;
				CLANG_WARN_BOOL_CONVERSION = YES;
				CLANG_WARN_CONSTANT_CONVERSION = YES;
				CLANG_WARN_DIRECT_OBJC_ISA_USAGE = YES_ERROR;
				CLANG_WARN_EMPTY_BODY = YES;
				CLANG_WARN_ENUM_CONVERSION = YES;
				CLANG_WARN_INT_CONVERSION = YES;
				CLANG_WARN_OBJC_ROOT_CLASS = YES_ERROR;
				CLANG_WARN_UNREACHABLE_CODE = YES;
				CLANG_WARN__DUPLICATE_METHOD_MATCH = YES;
				"CODE_SIGN_IDENTITY[sdk=iphoneos*]" = "iPhone Developer";
				COPY_PHASE_STRIP = NO;
				DEBUG_INFORMATION_FORMAT = dwarf;
				ENABLE_STRICT_OBJC_MSGSEND = YES;
				ENABLE_TESTABILITY = YES;
				GCC_C_LANGUAGE_STANDARD = gnu99;
				GCC_DYNAMIC_NO_PIC = NO;
				GCC_NO_COMMON_BLOCKS = YES;
				GCC_OPTIMIZATION_LEVEL = 0;
				GCC_PREPROCESSOR_DEFINITIONS = (
					"DEBUG=1",
					"$(inherited)",
				);
				GCC_WARN_64_TO_32_BIT_CONVERSION = YES;
				GCC_WARN_ABOUT_RETURN_TYPE = YES_ERROR;
				GCC_WARN_UNDECLARED_SELECTOR = YES;
				GCC_WARN_UNINITIALIZED_AUTOS = YES_AGGRESSIVE;
				GCC_WARN_UNUSED_FUNCTION = YES;
				GCC_WARN_UNUSED_VARIABLE = YES;
				IPHONEOS_DEPLOYMENT_TARGET = 9.3;
				MTL_ENABLE_DEBUG_INFO = YES;
				ONLY_ACTIVE_ARCH = YES;
				SDKROOT = iphoneos;
				SWIFT_OPTIMIZATION_LEVEL = "-Onone";
			};
			name = Debug;
		};
		5EBD10451D0B354400E2183F /* Release */ = {
			isa = XCBuildConfiguration;
			buildSettings = {
				ALWAYS_SEARCH_USER_PATHS = NO;
				CLANG_ANALYZER_NONNULL = YES;
				CLANG_CXX_LANGUAGE_STANDARD = "gnu++0x";
				CLANG_CXX_LIBRARY = "libc++";
				CLANG_ENABLE_MODULES = YES;
				CLANG_ENABLE_OBJC_ARC = YES;
				CLANG_WARN_BOOL_CONVERSION = YES;
				CLANG_WARN_CONSTANT_CONVERSION = YES;
				CLANG_WARN_DIRECT_OBJC_ISA_USAGE = YES_ERROR;
				CLANG_WARN_EMPTY_BODY = YES;
				CLANG_WARN_ENUM_CONVERSION = YES;
				CLANG_WARN_INT_CONVERSION = YES;
				CLANG_WARN_OBJC_ROOT_CLASS = YES_ERROR;
				CLANG_WARN_UNREACHABLE_CODE = YES;
				CLANG_WARN__DUPLICATE_METHOD_MATCH = YES;
				"CODE_SIGN_IDENTITY[sdk=iphoneos*]" = "iPhone Developer";
				COPY_PHASE_STRIP = NO;
				DEBUG_INFORMATION_FORMAT = "dwarf-with-dsym";
				ENABLE_NS_ASSERTIONS = NO;
				ENABLE_STRICT_OBJC_MSGSEND = YES;
				GCC_C_LANGUAGE_STANDARD = gnu99;
				GCC_NO_COMMON_BLOCKS = YES;
				GCC_WARN_64_TO_32_BIT_CONVERSION = YES;
				GCC_WARN_ABOUT_RETURN_TYPE = YES_ERROR;
				GCC_WARN_UNDECLARED_SELECTOR = YES;
				GCC_WARN_UNINITIALIZED_AUTOS = YES_AGGRESSIVE;
				GCC_WARN_UNUSED_FUNCTION = YES;
				GCC_WARN_UNUSED_VARIABLE = YES;
				IPHONEOS_DEPLOYMENT_TARGET = 9.3;
				MTL_ENABLE_DEBUG_INFO = NO;
				SDKROOT = iphoneos;
				VALIDATE_PRODUCT = YES;
			};
			name = Release;
		};
		5EBD10471D0B354400E2183F /* Debug */ = {
			isa = XCBuildConfiguration;
			buildSettings = {
				ASSETCATALOG_COMPILER_APPICON_NAME = AppIcon;
				CODE_SIGN_IDENTITY = "iPhone Developer";
				"CODE_SIGN_IDENTITY[sdk=iphoneos*]" = "iPhone Developer";
				INFOPLIST_FILE = ClickCounter/Info.plist;
				LD_RUNPATH_SEARCH_PATHS = "$(inherited) @executable_path/Frameworks";
				PRODUCT_BUNDLE_IDENTIFIER = com.akshaytiyer.ClickCounter;
				PRODUCT_NAME = "$(TARGET_NAME)";
				PROVISIONING_PROFILE = "";
			};
			name = Debug;
		};
		5EBD10481D0B354400E2183F /* Release */ = {
			isa = XCBuildConfiguration;
			buildSettings = {
				ASSETCATALOG_COMPILER_APPICON_NAME = AppIcon;
				CODE_SIGN_IDENTITY = "iPhone Developer";
				"CODE_SIGN_IDENTITY[sdk=iphoneos*]" = "iPhone Developer";
				INFOPLIST_FILE = ClickCounter/Info.plist;
				LD_RUNPATH_SEARCH_PATHS = "$(inherited) @executable_path/Frameworks";
				PRODUCT_BUNDLE_IDENTIFIER = com.akshaytiyer.ClickCounter;
				PRODUCT_NAME = "$(TARGET_NAME)";
				PROVISIONING_PROFILE = "";
			};
			name = Release;
		};
		5EBD104A1D0B354400E2183F /* Debug */ = {
			isa = XCBuildConfiguration;
			buildSettings = {
				BUNDLE_LOADER = "$(TEST_HOST)";
				INFOPLIST_FILE = ClickCounterTests/Info.plist;
				LD_RUNPATH_SEARCH_PATHS = "$(inherited) @executable_path/Frameworks @loader_path/Frameworks";
				PRODUCT_BUNDLE_IDENTIFIER = com.akshaytiyer.ClickCounterTests;
				PRODUCT_NAME = "$(TARGET_NAME)";
				TEST_HOST = "$(BUILT_PRODUCTS_DIR)/ClickCounter.app/ClickCounter";
			};
			name = Debug;
		};
		5EBD104B1D0B354400E2183F /* Release */ = {
			isa = XCBuildConfiguration;
			buildSettings = {
				BUNDLE_LOADER = "$(TEST_HOST)";
				INFOPLIST_FILE = ClickCounterTests/Info.plist;
				LD_RUNPATH_SEARCH_PATHS = "$(inherited) @executable_path/Frameworks @loader_path/Frameworks";
				PRODUCT_BUNDLE_IDENTIFIER = com.akshaytiyer.ClickCounterTests;
				PRODUCT_NAME = "$(TARGET_NAME)";
				TEST_HOST = "$(BUILT_PRODUCTS_DIR)/ClickCounter.app/ClickCounter";
			};
			name = Release;
		};
		5EBD104D1D0B354400E2183F /* Debug */ = {
			isa = XCBuildConfiguration;
			buildSettings = {
				INFOPLIST_FILE = ClickCounterUITests/Info.plist;
				LD_RUNPATH_SEARCH_PATHS = "$(inherited) @executable_path/Frameworks @loader_path/Frameworks";
				PRODUCT_BUNDLE_IDENTIFIER = com.akshaytiyer.ClickCounterUITests;
				PRODUCT_NAME = "$(TARGET_NAME)";
				TEST_TARGET_NAME = ClickCounter;
			};
			name = Debug;
		};
		5EBD104E1D0B354400E2183F /* Release */ = {
			isa = XCBuildConfiguration;
			buildSettings = {
				INFOPLIST_FILE = ClickCounterUITests/Info.plist;
				LD_RUNPATH_SEARCH_PATHS = "$(inherited) @executable_path/Frameworks @loader_path/Frameworks";
				PRODUCT_BUNDLE_IDENTIFIER = com.akshaytiyer.ClickCounterUITests;
				PRODUCT_NAME = "$(TARGET_NAME)";
				TEST_TARGET_NAME = ClickCounter;
			};
			name = Release;
		};
/* End XCBuildConfiguration section */

/* Begin XCConfigurationList section */
		5EBD10191D0B354400E2183F /* Build configuration list for PBXProject "ClickCounter" */ = {
			isa = XCConfigurationList;
			buildConfigurations = (
				5EBD10441D0B354400E2183F /* Debug */,
				5EBD10451D0B354400E2183F /* Release */,
			);
			defaultConfigurationIsVisible = 0;
			defaultConfigurationName = Release;
		};
		5EBD10461D0B354400E2183F /* Build configuration list for PBXNativeTarget "ClickCounter" */ = {
			isa = XCConfigurationList;
			buildConfigurations = (
				5EBD10471D0B354400E2183F /* Debug */,
				5EBD10481D0B354400E2183F /* Release */,
			);
			defaultConfigurationIsVisible = 0;
		};
		5EBD10491D0B354400E2183F /* Build configuration list for PBXNativeTarget "ClickCounterTests" */ = {
			isa = XCConfigurationList;
			buildConfigurations = (
				5EBD104A1D0B354400E2183F /* Debug */,
				5EBD104B1D0B354400E2183F /* Release */,
			);
			defaultConfigurationIsVisible = 0;
		};
		5EBD104C1D0B354400E2183F /* Build configuration list for PBXNativeTarget "ClickCounterUITests" */ = {
			isa = XCConfigurationList;
			buildConfigurations = (
				5EBD104D1D0B354400E2183F /* Debug */,
				5EBD104E1D0B354400E2183F /* Release */,
			);
			defaultConfigurationIsVisible = 0;
		};
/* End XCConfigurationList section */
	};
	rootObject = 5EBD10161D0B354300E2183F /* Project object */;
}
