// !$*UTF8*$!
{
	archiveVersion = 1;
	classes = {
	};
	objectVersion = 46;
	objects = {

/* Begin PBXBuildFile section */
		5EBD105C1D0B62D200E2183F /* AppDelegate.swift in Sources */ = {isa = PBXBuildFile; fileRef = 5EBD105B1D0B62D200E2183F /* AppDelegate.swift */; };
		5EBD10611D0B62D200E2183F /* Main.storyboard in Resources */ = {isa = PBXBuildFile; fileRef = 5EBD105F1D0B62D200E2183F /* Main.storyboard */; };
		5EBD10631D0B62D200E2183F /* Assets.xcassets in Resources */ = {isa = PBXBuildFile; fileRef = 5EBD10621D0B62D200E2183F /* Assets.xcassets */; };
		5EBD10661D0B62D200E2183F /* LaunchScreen.storyboard in Resources */ = {isa = PBXBuildFile; fileRef = 5EBD10641D0B62D200E2183F /* LaunchScreen.storyboard */; };
		5EBD10711D0B62D200E2183F /* RoshamboTests.swift in Sources */ = {isa = PBXBuildFile; fileRef = 5EBD10701D0B62D200E2183F /* RoshamboTests.swift */; };
		5EBD107C1D0B62D300E2183F /* RoshamboUITests.swift in Sources */ = {isa = PBXBuildFile; fileRef = 5EBD107B1D0B62D300E2183F /* RoshamboUITests.swift */; };
		5EBD108A1D0B62ED00E2183F /* ResultViewController.swift in Sources */ = {isa = PBXBuildFile; fileRef = 5EBD10891D0B62ED00E2183F /* ResultViewController.swift */; };
		5EBD108C1D0B630D00E2183F /* HomeViewController.swift in Sources */ = {isa = PBXBuildFile; fileRef = 5EBD108B1D0B630D00E2183F /* HomeViewController.swift */; };
/* End PBXBuildFile section */

/* Begin PBXContainerItemProxy section */
		5EBD106D1D0B62D200E2183F /* PBXContainerItemProxy */ = {
			isa = PBXContainerItemProxy;
			containerPortal = 5EBD10501D0B62D200E2183F /* Project object */;
			proxyType = 1;
			remoteGlobalIDString = 5EBD10571D0B62D200E2183F;
			remoteInfo = Roshambo;
		};
		5EBD10781D0B62D300E2183F /* PBXContainerItemProxy */ = {
			isa = PBXContainerItemProxy;
			containerPortal = 5EBD10501D0B62D200E2183F /* Project object */;
			proxyType = 1;
			remoteGlobalIDString = 5EBD10571D0B62D200E2183F;
			remoteInfo = Roshambo;
		};
/* End PBXContainerItemProxy section */

/* Begin PBXFileReference section */
		5EBD10581D0B62D200E2183F /* Roshambo.app */ = {isa = PBXFileReference; explicitFileType = wrapper.application; includeInIndex = 0; path = Roshambo.app; sourceTree = BUILT_PRODUCTS_DIR; };
		5EBD105B1D0B62D200E2183F /* AppDelegate.swift */ = {isa = PBXFileReference; lastKnownFileType = sourcecode.swift; path = AppDelegate.swift; sourceTree = "<group>"; };
		5EBD10601D0B62D200E2183F /* Base */ = {isa = PBXFileReference; lastKnownFileType = file.storyboard; name = Base; path = Base.lproj/Main.storyboard; sourceTree = "<group>"; };
		5EBD10621D0B62D200E2183F /* Assets.xcassets */ = {isa = PBXFileReference; lastKnownFileType = folder.assetcatalog; path = Assets.xcassets; sourceTree = "<group>"; };
		5EBD10651D0B62D200E2183F /* Base */ = {isa = PBXFileReference; lastKnownFileType = file.storyboard; name = Base; path = Base.lproj/LaunchScreen.storyboard; sourceTree = "<group>"; };
		5EBD10671D0B62D200E2183F /* Info.plist */ = {isa = PBXFileReference; lastKnownFileType = text.plist.xml; path = Info.plist; sourceTree = "<group>"; };
		5EBD106C1D0B62D200E2183F /* RoshamboTests.xctest */ = {isa = PBXFileReference; explicitFileType = wrapper.cfbundle; includeInIndex = 0; path = RoshamboTests.xctest; sourceTree = BUILT_PRODUCTS_DIR; };
		5EBD10701D0B62D200E2183F /* RoshamboTests.swift */ = {isa = PBXFileReference; lastKnownFileType = sourcecode.swift; path = RoshamboTests.swift; sourceTree = "<group>"; };
		5EBD10721D0B62D200E2183F /* Info.plist */ = {isa = PBXFileReference; lastKnownFileType = text.plist.xml; path = Info.plist; sourceTree = "<group>"; };
		5EBD10771D0B62D300E2183F /* RoshamboUITests.xctest */ = {isa = PBXFileReference; explicitFileType = wrapper.cfbundle; includeInIndex = 0; path = RoshamboUITests.xctest; sourceTree = BUILT_PRODUCTS_DIR; };
		5EBD107B1D0B62D300E2183F /* RoshamboUITests.swift */ = {isa = PBXFileReference; lastKnownFileType = sourcecode.swift; path = RoshamboUITests.swift; sourceTree = "<group>"; };
		5EBD107D1D0B62D300E2183F /* Info.plist */ = {isa = PBXFileReference; lastKnownFileType = text.plist.xml; path = Info.plist; sourceTree = "<group>"; };
		5EBD10891D0B62ED00E2183F /* ResultViewController.swift */ = {isa = PBXFileReference; fileEncoding = 4; lastKnownFileType = sourcecode.swift; path = ResultViewController.swift; sourceTree = "<group>"; };
		5EBD108B1D0B630D00E2183F /* HomeViewController.swift */ = {isa = PBXFileReference; fileEncoding = 4; lastKnownFileType = sourcecode.swift; name = HomeViewController.swift; path = ../HomeViewController.swift; sourceTree = "<group>"; };
/* End PBXFileReference section */

/* Begin PBXFrameworksBuildPhase section */
		5EBD10551D0B62D200E2183F /* Frameworks */ = {
			isa = PBXFrameworksBuildPhase;
			buildActionMask = 2147483647;
			files = (
			);
			runOnlyForDeploymentPostprocessing = 0;
		};
		5EBD10691D0B62D200E2183F /* Frameworks */ = {
			isa = PBXFrameworksBuildPhase;
			buildActionMask = 2147483647;
			files = (
			);
			runOnlyForDeploymentPostprocessing = 0;
		};
		5EBD10741D0B62D300E2183F /* Frameworks */ = {
			isa = PBXFrameworksBuildPhase;
			buildActionMask = 2147483647;
			files = (
			);
			runOnlyForDeploymentPostprocessing = 0;
		};
/* End PBXFrameworksBuildPhase section */

/* Begin PBXGroup section */
		5EBD104F1D0B62D200E2183F = {
			isa = PBXGroup;
			children = (
				5EBD105A1D0B62D200E2183F /* Roshambo */,
				5EBD106F1D0B62D200E2183F /* RoshamboTests */,
				5EBD107A1D0B62D300E2183F /* RoshamboUITests */,
				5EBD10591D0B62D200E2183F /* Products */,
			);
			sourceTree = "<group>";
		};
		5EBD10591D0B62D200E2183F /* Products */ = {
			isa = PBXGroup;
			children = (
				5EBD10581D0B62D200E2183F /* Roshambo.app */,
				5EBD106C1D0B62D200E2183F /* RoshamboTests.xctest */,
				5EBD10771D0B62D300E2183F /* RoshamboUITests.xctest */,
			);
			name = Products;
			sourceTree = "<group>";
		};
		5EBD105A1D0B62D200E2183F /* Roshambo */ = {
			isa = PBXGroup;
			children = (
				5EBD108B1D0B630D00E2183F /* HomeViewController.swift */,
				5EBD105B1D0B62D200E2183F /* AppDelegate.swift */,
				5EBD10891D0B62ED00E2183F /* ResultViewController.swift */,
				5EBD105F1D0B62D200E2183F /* Main.storyboard */,
				5EBD10621D0B62D200E2183F /* Assets.xcassets */,
				5EBD10641D0B62D200E2183F /* LaunchScreen.storyboard */,
				5EBD10671D0B62D200E2183F /* Info.plist */,
			);
			path = Roshambo;
			sourceTree = "<group>";
		};
		5EBD106F1D0B62D200E2183F /* RoshamboTests */ = {
			isa = PBXGroup;
			children = (
				5EBD10701D0B62D200E2183F /* RoshamboTests.swift */,
				5EBD10721D0B62D200E2183F /* Info.plist */,
			);
			path = RoshamboTests;
			sourceTree = "<group>";
		};
		5EBD107A1D0B62D300E2183F /* RoshamboUITests */ = {
			isa = PBXGroup;
			children = (
				5EBD107B1D0B62D300E2183F /* RoshamboUITests.swift */,
				5EBD107D1D0B62D300E2183F /* Info.plist */,
			);
			path = RoshamboUITests;
			sourceTree = "<group>";
		};
/* End PBXGroup section */

/* Begin PBXNativeTarget section */
		5EBD10571D0B62D200E2183F /* Roshambo */ = {
			isa = PBXNativeTarget;
			buildConfigurationList = 5EBD10801D0B62D300E2183F /* Build configuration list for PBXNativeTarget "Roshambo" */;
			buildPhases = (
				5EBD10541D0B62D200E2183F /* Sources */,
				5EBD10551D0B62D200E2183F /* Frameworks */,
				5EBD10561D0B62D200E2183F /* Resources */,
			);
			buildRules = (
			);
			dependencies = (
			);
			name = Roshambo;
			productName = Roshambo;
			productReference = 5EBD10581D0B62D200E2183F /* Roshambo.app */;
			productType = "com.apple.product-type.application";
		};
		5EBD106B1D0B62D200E2183F /* RoshamboTests */ = {
			isa = PBXNativeTarget;
			buildConfigurationList = 5EBD10831D0B62D300E2183F /* Build configuration list for PBXNativeTarget "RoshamboTests" */;
			buildPhases = (
				5EBD10681D0B62D200E2183F /* Sources */,
				5EBD10691D0B62D200E2183F /* Frameworks */,
				5EBD106A1D0B62D200E2183F /* Resources */,
			);
			buildRules = (
			);
			dependencies = (
				5EBD106E1D0B62D200E2183F /* PBXTargetDependency */,
			);
			name = RoshamboTests;
			productName = RoshamboTests;
			productReference = 5EBD106C1D0B62D200E2183F /* RoshamboTests.xctest */;
			productType = "com.apple.product-type.bundle.unit-test";
		};
		5EBD10761D0B62D300E2183F /* RoshamboUITests */ = {
			isa = PBXNativeTarget;
			buildConfigurationList = 5EBD10861D0B62D300E2183F /* Build configuration list for PBXNativeTarget "RoshamboUITests" */;
			buildPhases = (
				5EBD10731D0B62D300E2183F /* Sources */,
				5EBD10741D0B62D300E2183F /* Frameworks */,
				5EBD10751D0B62D300E2183F /* Resources */,
			);
			buildRules = (
			);
			dependencies = (
				5EBD10791D0B62D300E2183F /* PBXTargetDependency */,
			);
			name = RoshamboUITests;
			productName = RoshamboUITests;
			productReference = 5EBD10771D0B62D300E2183F /* RoshamboUITests.xctest */;
			productType = "com.apple.product-type.bundle.ui-testing";
		};
/* End PBXNativeTarget section */

/* Begin PBXProject section */
		5EBD10501D0B62D200E2183F /* Project object */ = {
			isa = PBXProject;
			attributes = {
				LastSwiftUpdateCheck = 0730;
				LastUpgradeCheck = 0730;
				ORGANIZATIONNAME = akshaytiyer;
				TargetAttributes = {
					5EBD10571D0B62D200E2183F = {
						CreatedOnToolsVersion = 7.3.1;
						DevelopmentTeam = GNRCM5BXKW;
					};
					5EBD106B1D0B62D200E2183F = {
						CreatedOnToolsVersion = 7.3.1;
						DevelopmentTeam = GNRCM5BXKW;
						TestTargetID = 5EBD10571D0B62D200E2183F;
					};
					5EBD10761D0B62D300E2183F = {
						CreatedOnToolsVersion = 7.3.1;
						DevelopmentTeam = GNRCM5BXKW;
						TestTargetID = 5EBD10571D0B62D200E2183F;
					};
				};
			};
			buildConfigurationList = 5EBD10531D0B62D200E2183F /* Build configuration list for PBXProject "Roshambo" */;
			compatibilityVersion = "Xcode 3.2";
			developmentRegion = English;
			hasScannedForEncodings = 0;
			knownRegions = (
				en,
				Base,
			);
			mainGroup = 5EBD104F1D0B62D200E2183F;
			productRefGroup = 5EBD10591D0B62D200E2183F /* Products */;
			projectDirPath = "";
			projectRoot = "";
			targets = (
				5EBD10571D0B62D200E2183F /* Roshambo */,
				5EBD106B1D0B62D200E2183F /* RoshamboTests */,
				5EBD10761D0B62D300E2183F /* RoshamboUITests */,
			);
		};
/* End PBXProject section */

/* Begin PBXResourcesBuildPhase section */
		5EBD10561D0B62D200E2183F /* Resources */ = {
			isa = PBXResourcesBuildPhase;
			buildActionMask = 2147483647;
			files = (
				5EBD10661D0B62D200E2183F /* LaunchScreen.storyboard in Resources */,
				5EBD10631D0B62D200E2183F /* Assets.xcassets in Resources */,
				5EBD10611D0B62D200E2183F /* Main.storyboard in Resources */,
			);
			runOnlyForDeploymentPostprocessing = 0;
		};
		5EBD106A1D0B62D200E2183F /* Resources */ = {
			isa = PBXResourcesBuildPhase;
			buildActionMask = 2147483647;
			files = (
			);
			runOnlyForDeploymentPostprocessing = 0;
		};
		5EBD10751D0B62D300E2183F /* Resources */ = {
			isa = PBXResourcesBuildPhase;
			buildActionMask = 2147483647;
			files = (
			);
			runOnlyForDeploymentPostprocessing = 0;
		};
/* End PBXResourcesBuildPhase section */

/* Begin PBXSourcesBuildPhase section */
		5EBD10541D0B62D200E2183F /* Sources */ = {
			isa = PBXSourcesBuildPhase;
			buildActionMask = 2147483647;
			files = (
				5EBD105C1D0B62D200E2183F /* AppDelegate.swift in Sources */,
				5EBD108A1D0B62ED00E2183F /* ResultViewController.swift in Sources */,
				5EBD108C1D0B630D00E2183F /* HomeViewController.swift in Sources */,
			);
			runOnlyForDeploymentPostprocessing = 0;
		};
		5EBD10681D0B62D200E2183F /* Sources */ = {
			isa = PBXSourcesBuildPhase;
			buildActionMask = 2147483647;
			files = (
				5EBD10711D0B62D200E2183F /* RoshamboTests.swift in Sources */,
			);
			runOnlyForDeploymentPostprocessing = 0;
		};
		5EBD10731D0B62D300E2183F /* Sources */ = {
			isa = PBXSourcesBuildPhase;
			buildActionMask = 2147483647;
			files = (
				5EBD107C1D0B62D300E2183F /* RoshamboUITests.swift in Sources */,
			);
			runOnlyForDeploymentPostprocessing = 0;
		};
/* End PBXSourcesBuildPhase section */

/* Begin PBXTargetDependency section */
		5EBD106E1D0B62D200E2183F /* PBXTargetDependency */ = {
			isa = PBXTargetDependency;
			target = 5EBD10571D0B62D200E2183F /* Roshambo */;
			targetProxy = 5EBD106D1D0B62D200E2183F /* PBXContainerItemProxy */;
		};
		5EBD10791D0B62D300E2183F /* PBXTargetDependency */ = {
			isa = PBXTargetDependency;
			target = 5EBD10571D0B62D200E2183F /* Roshambo */;
			targetProxy = 5EBD10781D0B62D300E2183F /* PBXContainerItemProxy */;
		};
/* End PBXTargetDependency section */

/* Begin PBXVariantGroup section */
		5EBD105F1D0B62D200E2183F /* Main.storyboard */ = {
			isa = PBXVariantGroup;
			children = (
				5EBD10601D0B62D200E2183F /* Base */,
			);
			name = Main.storyboard;
			sourceTree = "<group>";
		};
		5EBD10641D0B62D200E2183F /* LaunchScreen.storyboard */ = {
			isa = PBXVariantGroup;
			children = (
				5EBD10651D0B62D200E2183F /* Base */,
			);
			name = LaunchScreen.storyboard;
			sourceTree = "<group>";
		};
/* End PBXVariantGroup section */

/* Begin XCBuildConfiguration section */
		5EBD107E1D0B62D300E2183F /* Debug */ = {
			isa = XCBuildConfiguration;
			buildSettings = {
				ALWAYS_SEARCH_USER_PATHS = NO;
				CLANG_ANALYZER_NONNULL = YES;
				CLANG_CXX_LANGUAGE_STANDARD = "gnu++0x";
				CLANG_CXX_LIBRARY = "libc++";
				CLANG_ENABLE_MODULES = YES;
				CLANG_ENABLE_OBJC_ARC = YES;
				CLANG_WARN_BOOL_CONVERSION = YES;
				CLANG_WARN_CONSTANT_CONVERSION = YES;
				CLANG_WARN_DIRECT_OBJC_ISA_USAGE = YES_ERROR;
				CLANG_WARN_EMPTY_BODY = YES;
				CLANG_WARN_ENUM_CONVERSION = YES;
				CLANG_WARN_INT_CONVERSION = YES;
				CLANG_WARN_OBJC_ROOT_CLASS = YES_ERROR;
				CLANG_WARN_UNREACHABLE_CODE = YES;
				CLANG_WARN__DUPLICATE_METHOD_MATCH = YES;
				"CODE_SIGN_IDENTITY[sdk=iphoneos*]" = "iPhone Developer";
				COPY_PHASE_STRIP = NO;
				DEBUG_INFORMATION_FORMAT = dwarf;
				ENABLE_STRICT_OBJC_MSGSEND = YES;
				ENABLE_TESTABILITY = YES;
				GCC_C_LANGUAGE_STANDARD = gnu99;
				GCC_DYNAMIC_NO_PIC = NO;
				GCC_NO_COMMON_BLOCKS = YES;
				GCC_OPTIMIZATION_LEVEL = 0;
				GCC_PREPROCESSOR_DEFINITIONS = (
					"DEBUG=1",
					"$(inherited)",
				);
				GCC_WARN_64_TO_32_BIT_CONVERSION = YES;
				GCC_WARN_ABOUT_RETURN_TYPE = YES_ERROR;
				GCC_WARN_UNDECLARED_SELECTOR = YES;
				GCC_WARN_UNINITIALIZED_AUTOS = YES_AGGRESSIVE;
				GCC_WARN_UNUSED_FUNCTION = YES;
				GCC_WARN_UNUSED_VARIABLE = YES;
				IPHONEOS_DEPLOYMENT_TARGET = 9.3;
				MTL_ENABLE_DEBUG_INFO = YES;
				ONLY_ACTIVE_ARCH = YES;
				SDKROOT = iphoneos;
				SWIFT_OPTIMIZATION_LEVEL = "-Onone";
			};
			name = Debug;
		};
		5EBD107F1D0B62D300E2183F /* Release */ = {
			isa = XCBuildConfiguration;
			buildSettings = {
				ALWAYS_SEARCH_USER_PATHS = NO;
				CLANG_ANALYZER_NONNULL = YES;
				CLANG_CXX_LANGUAGE_STANDARD = "gnu++0x";
				CLANG_CXX_LIBRARY = "libc++";
				CLANG_ENABLE_MODULES = YES;
				CLANG_ENABLE_OBJC_ARC = YES;
				CLANG_WARN_BOOL_CONVERSION = YES;
				CLANG_WARN_CONSTANT_CONVERSION = YES;
				CLANG_WARN_DIRECT_OBJC_ISA_USAGE = YES_ERROR;
				CLANG_WARN_EMPTY_BODY = YES;
				CLANG_WARN_ENUM_CONVERSION = YES;
				CLANG_WARN_INT_CONVERSION = YES;
				CLANG_WARN_OBJC_ROOT_CLASS = YES_ERROR;
				CLANG_WARN_UNREACHABLE_CODE = YES;
				CLANG_WARN__DUPLICATE_METHOD_MATCH = YES;
				"CODE_SIGN_IDENTITY[sdk=iphoneos*]" = "iPhone Developer";
				COPY_PHASE_STRIP = NO;
				DEBUG_INFORMATION_FORMAT = "dwarf-with-dsym";
				ENABLE_NS_ASSERTIONS = NO;
				ENABLE_STRICT_OBJC_MSGSEND = YES;
				GCC_C_LANGUAGE_STANDARD = gnu99;
				GCC_NO_COMMON_BLOCKS = YES;
				GCC_WARN_64_TO_32_BIT_CONVERSION = YES;
				GCC_WARN_ABOUT_RETURN_TYPE = YES_ERROR;
				GCC_WARN_UNDECLARED_SELECTOR = YES;
				GCC_WARN_UNINITIALIZED_AUTOS = YES_AGGRESSIVE;
				GCC_WARN_UNUSED_FUNCTION = YES;
				GCC_WARN_UNUSED_VARIABLE = YES;
				IPHONEOS_DEPLOYMENT_TARGET = 9.3;
				MTL_ENABLE_DEBUG_INFO = NO;
				SDKROOT = iphoneos;
				VALIDATE_PRODUCT = YES;
			};
			name = Release;
		};
		5EBD10811D0B62D300E2183F /* Debug */ = {
			isa = XCBuildConfiguration;
			buildSettings = {
				ASSETCATALOG_COMPILER_APPICON_NAME = AppIcon;
				INFOPLIST_FILE = Roshambo/Info.plist;
				LD_RUNPATH_SEARCH_PATHS = "$(inherited) @executable_path/Frameworks";
				PRODUCT_BUNDLE_IDENTIFIER = com.akshaytiyer.Roshambo;
				PRODUCT_NAME = "$(TARGET_NAME)";
			};
			name = Debug;
		};
		5EBD10821D0B62D300E2183F /* Release */ = {
			isa = XCBuildConfiguration;
			buildSettings = {
				ASSETCATALOG_COMPILER_APPICON_NAME = AppIcon;
				INFOPLIST_FILE = Roshambo/Info.plist;
				LD_RUNPATH_SEARCH_PATHS = "$(inherited) @executable_path/Frameworks";
				PRODUCT_BUNDLE_IDENTIFIER = com.akshaytiyer.Roshambo;
				PRODUCT_NAME = "$(TARGET_NAME)";
			};
			name = Release;
		};
		5EBD10841D0B62D300E2183F /* Debug */ = {
			isa = XCBuildConfiguration;
			buildSettings = {
				BUNDLE_LOADER = "$(TEST_HOST)";
				INFOPLIST_FILE = RoshamboTests/Info.plist;
				LD_RUNPATH_SEARCH_PATHS = "$(inherited) @executable_path/Frameworks @loader_path/Frameworks";
				PRODUCT_BUNDLE_IDENTIFIER = com.akshaytiyer.RoshamboTests;
				PRODUCT_NAME = "$(TARGET_NAME)";
				TEST_HOST = "$(BUILT_PRODUCTS_DIR)/Roshambo.app/Roshambo";
			};
			name = Debug;
		};
		5EBD10851D0B62D300E2183F /* Release */ = {
			isa = XCBuildConfiguration;
			buildSettings = {
				BUNDLE_LOADER = "$(TEST_HOST)";
				INFOPLIST_FILE = RoshamboTests/Info.plist;
				LD_RUNPATH_SEARCH_PATHS = "$(inherited) @executable_path/Frameworks @loader_path/Frameworks";
				PRODUCT_BUNDLE_IDENTIFIER = com.akshaytiyer.RoshamboTests;
				PRODUCT_NAME = "$(TARGET_NAME)";
				TEST_HOST = "$(BUILT_PRODUCTS_DIR)/Roshambo.app/Roshambo";
			};
			name = Release;
		};
		5EBD10871D0B62D300E2183F /* Debug */ = {
			isa = XCBuildConfiguration;
			buildSettings = {
				INFOPLIST_FILE = RoshamboUITests/Info.plist;
				LD_RUNPATH_SEARCH_PATHS = "$(inherited) @executable_path/Frameworks @loader_path/Frameworks";
				PRODUCT_BUNDLE_IDENTIFIER = com.akshaytiyer.RoshamboUITests;
				PRODUCT_NAME = "$(TARGET_NAME)";
				TEST_TARGET_NAME = Roshambo;
			};
			name = Debug;
		};
		5EBD10881D0B62D300E2183F /* Release */ = {
			isa = XCBuildConfiguration;
			buildSettings = {
				INFOPLIST_FILE = RoshamboUITests/Info.plist;
				LD_RUNPATH_SEARCH_PATHS = "$(inherited) @executable_path/Frameworks @loader_path/Frameworks";
				PRODUCT_BUNDLE_IDENTIFIER = com.akshaytiyer.RoshamboUITests;
				PRODUCT_NAME = "$(TARGET_NAME)";
				TEST_TARGET_NAME = Roshambo;
			};
			name = Release;
		};
/* End XCBuildConfiguration section */

/* Begin XCConfigurationList section */
		5EBD10531D0B62D200E2183F /* Build configuration list for PBXProject "Roshambo" */ = {
			isa = XCConfigurationList;
			buildConfigurations = (
				5EBD107E1D0B62D300E2183F /* Debug */,
				5EBD107F1D0B62D300E2183F /* Release */,
			);
			defaultConfigurationIsVisible = 0;
			defaultConfigurationName = Release;
		};
		5EBD10801D0B62D300E2183F /* Build configuration list for PBXNativeTarget "Roshambo" */ = {
			isa = XCConfigurationList;
			buildConfigurations = (
				5EBD10811D0B62D300E2183F /* Debug */,
				5EBD10821D0B62D300E2183F /* Release */,
			);
			defaultConfigurationIsVisible = 0;
		};
		5EBD10831D0B62D300E2183F /* Build configuration list for PBXNativeTarget "RoshamboTests" */ = {
			isa = XCConfigurationList;
			buildConfigurations = (
				5EBD10841D0B62D300E2183F /* Debug */,
				5EBD10851D0B62D300E2183F /* Release */,
			);
			defaultConfigurationIsVisible = 0;
		};
		5EBD10861D0B62D300E2183F /* Build configuration list for PBXNativeTarget "RoshamboUITests" */ = {
			isa = XCConfigurationList;
			buildConfigurations = (
				5EBD10871D0B62D300E2183F /* Debug */,
				5EBD10881D0B62D300E2183F /* Release */,
			);
			defaultConfigurationIsVisible = 0;
		};
/* End XCConfigurationList section */
	};
	rootObject = 5EBD10501D0B62D200E2183F /* Project object */;
}
