// !$*UTF8*$!
{
	archiveVersion = 1;
	classes = {
	};
	objectVersion = 46;
	objects = {

/* Begin PBXBuildFile section */
		5E9EE3E01D0D02680000669E /* AppDelegate.swift in Sources */ = {isa = PBXBuildFile; fileRef = 5E9EE3DF1D0D02680000669E /* AppDelegate.swift */; };
		5E9EE3E21D0D02680000669E /* ViewController.swift in Sources */ = {isa = PBXBuildFile; fileRef = 5E9EE3E11D0D02680000669E /* ViewController.swift */; };
		5E9EE3E51D0D02680000669E /* Main.storyboard in Resources */ = {isa = PBXBuildFile; fileRef = 5E9EE3E31D0D02680000669E /* Main.storyboard */; };
		5E9EE3E71D0D02680000669E /* Assets.xcassets in Resources */ = {isa = PBXBuildFile; fileRef = 5E9EE3E61D0D02680000669E /* Assets.xcassets */; };
		5E9EE3EA1D0D02680000669E /* LaunchScreen.storyboard in Resources */ = {isa = PBXBuildFile; fileRef = 5E9EE3E81D0D02680000669E /* LaunchScreen.storyboard */; };
		5E9EE3F51D0D02680000669E /* MemeApp1_0Tests.swift in Sources */ = {isa = PBXBuildFile; fileRef = 5E9EE3F41D0D02680000669E /* MemeApp1_0Tests.swift */; };
		5E9EE4001D0D02680000669E /* MemeApp1_0UITests.swift in Sources */ = {isa = PBXBuildFile; fileRef = 5E9EE3FF1D0D02680000669E /* MemeApp1_0UITests.swift */; };
/* End PBXBuildFile section */

/* Begin PBXContainerItemProxy section */
		5E9EE3F11D0D02680000669E /* PBXContainerItemProxy */ = {
			isa = PBXContainerItemProxy;
			containerPortal = 5E9EE3D41D0D02680000669E /* Project object */;
			proxyType = 1;
			remoteGlobalIDString = 5E9EE3DB1D0D02680000669E;
			remoteInfo = MemeApp1.0;
		};
		5E9EE3FC1D0D02680000669E /* PBXContainerItemProxy */ = {
			isa = PBXContainerItemProxy;
			containerPortal = 5E9EE3D41D0D02680000669E /* Project object */;
			proxyType = 1;
			remoteGlobalIDString = 5E9EE3DB1D0D02680000669E;
			remoteInfo = MemeApp1.0;
		};
/* End PBXContainerItemProxy section */

/* Begin PBXFileReference section */
		5E9EE3DC1D0D02680000669E /* MemeApp1.0.app */ = {isa = PBXFileReference; explicitFileType = wrapper.application; includeInIndex = 0; path = MemeApp1.0.app; sourceTree = BUILT_PRODUCTS_DIR; };
		5E9EE3DF1D0D02680000669E /* AppDelegate.swift */ = {isa = PBXFileReference; lastKnownFileType = sourcecode.swift; path = AppDelegate.swift; sourceTree = "<group>"; };
		5E9EE3E11D0D02680000669E /* ViewController.swift */ = {isa = PBXFileReference; lastKnownFileType = sourcecode.swift; path = ViewController.swift; sourceTree = "<group>"; };
		5E9EE3E41D0D02680000669E /* Base */ = {isa = PBXFileReference; lastKnownFileType = file.storyboard; name = Base; path = Base.lproj/Main.storyboard; sourceTree = "<group>"; };
		5E9EE3E61D0D02680000669E /* Assets.xcassets */ = {isa = PBXFileReference; lastKnownFileType = folder.assetcatalog; path = Assets.xcassets; sourceTree = "<group>"; };
		5E9EE3E91D0D02680000669E /* Base */ = {isa = PBXFileReference; lastKnownFileType = file.storyboard; name = Base; path = Base.lproj/LaunchScreen.storyboard; sourceTree = "<group>"; };
		5E9EE3EB1D0D02680000669E /* Info.plist */ = {isa = PBXFileReference; lastKnownFileType = text.plist.xml; path = Info.plist; sourceTree = "<group>"; };
		5E9EE3F01D0D02680000669E /* MemeApp1.0Tests.xctest */ = {isa = PBXFileReference; explicitFileType = wrapper.cfbundle; includeInIndex = 0; path = MemeApp1.0Tests.xctest; sourceTree = BUILT_PRODUCTS_DIR; };
		5E9EE3F41D0D02680000669E /* MemeApp1_0Tests.swift */ = {isa = PBXFileReference; lastKnownFileType = sourcecode.swift; path = MemeApp1_0Tests.swift; sourceTree = "<group>"; };
		5E9EE3F61D0D02680000669E /* Info.plist */ = {isa = PBXFileReference; lastKnownFileType = text.plist.xml; path = Info.plist; sourceTree = "<group>"; };
		5E9EE3FB1D0D02680000669E /* MemeApp1.0UITests.xctest */ = {isa = PBXFileReference; explicitFileType = wrapper.cfbundle; includeInIndex = 0; path = MemeApp1.0UITests.xctest; sourceTree = BUILT_PRODUCTS_DIR; };
		5E9EE3FF1D0D02680000669E /* MemeApp1_0UITests.swift */ = {isa = PBXFileReference; lastKnownFileType = sourcecode.swift; path = MemeApp1_0UITests.swift; sourceTree = "<group>"; };
		5E9EE4011D0D02680000669E /* Info.plist */ = {isa = PBXFileReference; lastKnownFileType = text.plist.xml; path = Info.plist; sourceTree = "<group>"; };
/* End PBXFileReference section */

/* Begin PBXFrameworksBuildPhase section */
		5E9EE3D91D0D02680000669E /* Frameworks */ = {
			isa = PBXFrameworksBuildPhase;
			buildActionMask = 2147483647;
			files = (
			);
			runOnlyForDeploymentPostprocessing = 0;
		};
		5E9EE3ED1D0D02680000669E /* Frameworks */ = {
			isa = PBXFrameworksBuildPhase;
			buildActionMask = 2147483647;
			files = (
			);
			runOnlyForDeploymentPostprocessing = 0;
		};
		5E9EE3F81D0D02680000669E /* Frameworks */ = {
			isa = PBXFrameworksBuildPhase;
			buildActionMask = 2147483647;
			files = (
			);
			runOnlyForDeploymentPostprocessing = 0;
		};
/* End PBXFrameworksBuildPhase section */

/* Begin PBXGroup section */
		5E9EE3D31D0D02680000669E = {
			isa = PBXGroup;
			children = (
				5E9EE3DE1D0D02680000669E /* MemeApp1.0 */,
				5E9EE3F31D0D02680000669E /* MemeApp1.0Tests */,
				5E9EE3FE1D0D02680000669E /* MemeApp1.0UITests */,
				5E9EE3DD1D0D02680000669E /* Products */,
			);
			sourceTree = "<group>";
		};
		5E9EE3DD1D0D02680000669E /* Products */ = {
			isa = PBXGroup;
			children = (
				5E9EE3DC1D0D02680000669E /* MemeApp1.0.app */,
				5E9EE3F01D0D02680000669E /* MemeApp1.0Tests.xctest */,
				5E9EE3FB1D0D02680000669E /* MemeApp1.0UITests.xctest */,
			);
			name = Products;
			sourceTree = "<group>";
		};
		5E9EE3DE1D0D02680000669E /* MemeApp1.0 */ = {
			isa = PBXGroup;
			children = (
				5E9EE3DF1D0D02680000669E /* AppDelegate.swift */,
				5E9EE3E11D0D02680000669E /* ViewController.swift */,
				5E9EE3E31D0D02680000669E /* Main.storyboard */,
				5E9EE3E61D0D02680000669E /* Assets.xcassets */,
				5E9EE3E81D0D02680000669E /* LaunchScreen.storyboard */,
				5E9EE3EB1D0D02680000669E /* Info.plist */,
			);
			path = MemeApp1.0;
			sourceTree = "<group>";
		};
		5E9EE3F31D0D02680000669E /* MemeApp1.0Tests */ = {
			isa = PBXGroup;
			children = (
				5E9EE3F41D0D02680000669E /* MemeApp1_0Tests.swift */,
				5E9EE3F61D0D02680000669E /* Info.plist */,
			);
			path = MemeApp1.0Tests;
			sourceTree = "<group>";
		};
		5E9EE3FE1D0D02680000669E /* MemeApp1.0UITests */ = {
			isa = PBXGroup;
			children = (
				5E9EE3FF1D0D02680000669E /* MemeApp1_0UITests.swift */,
				5E9EE4011D0D02680000669E /* Info.plist */,
			);
			path = MemeApp1.0UITests;
			sourceTree = "<group>";
		};
/* End PBXGroup section */

/* Begin PBXNativeTarget section */
		5E9EE3DB1D0D02680000669E /* MemeApp1.0 */ = {
			isa = PBXNativeTarget;
			buildConfigurationList = 5E9EE4041D0D02680000669E /* Build configuration list for PBXNativeTarget "MemeApp1.0" */;
			buildPhases = (
				5E9EE3D81D0D02680000669E /* Sources */,
				5E9EE3D91D0D02680000669E /* Frameworks */,
				5E9EE3DA1D0D02680000669E /* Resources */,
			);
			buildRules = (
			);
			dependencies = (
			);
			name = MemeApp1.0;
			productName = MemeApp1.0;
			productReference = 5E9EE3DC1D0D02680000669E /* MemeApp1.0.app */;
			productType = "com.apple.product-type.application";
		};
		5E9EE3EF1D0D02680000669E /* MemeApp1.0Tests */ = {
			isa = PBXNativeTarget;
			buildConfigurationList = 5E9EE4071D0D02680000669E /* Build configuration list for PBXNativeTarget "MemeApp1.0Tests" */;
			buildPhases = (
				5E9EE3EC1D0D02680000669E /* Sources */,
				5E9EE3ED1D0D02680000669E /* Frameworks */,
				5E9EE3EE1D0D02680000669E /* Resources */,
			);
			buildRules = (
			);
			dependencies = (
				5E9EE3F21D0D02680000669E /* PBXTargetDependency */,
			);
			name = MemeApp1.0Tests;
			productName = MemeApp1.0Tests;
			productReference = 5E9EE3F01D0D02680000669E /* MemeApp1.0Tests.xctest */;
			productType = "com.apple.product-type.bundle.unit-test";
		};
		5E9EE3FA1D0D02680000669E /* MemeApp1.0UITests */ = {
			isa = PBXNativeTarget;
			buildConfigurationList = 5E9EE40A1D0D02680000669E /* Build configuration list for PBXNativeTarget "MemeApp1.0UITests" */;
			buildPhases = (
				5E9EE3F71D0D02680000669E /* Sources */,
				5E9EE3F81D0D02680000669E /* Frameworks */,
				5E9EE3F91D0D02680000669E /* Resources */,
			);
			buildRules = (
			);
			dependencies = (
				5E9EE3FD1D0D02680000669E /* PBXTargetDependency */,
			);
			name = MemeApp1.0UITests;
			productName = MemeApp1.0UITests;
			productReference = 5E9EE3FB1D0D02680000669E /* MemeApp1.0UITests.xctest */;
			productType = "com.apple.product-type.bundle.ui-testing";
		};
/* End PBXNativeTarget section */

/* Begin PBXProject section */
		5E9EE3D41D0D02680000669E /* Project object */ = {
			isa = PBXProject;
			attributes = {
				LastSwiftUpdateCheck = 0730;
				LastUpgradeCheck = 0730;
				ORGANIZATIONNAME = akshaytiyer;
				TargetAttributes = {
					5E9EE3DB1D0D02680000669E = {
						CreatedOnToolsVersion = 7.3.1;
						DevelopmentTeam = GNRCM5BXKW;
					};
					5E9EE3EF1D0D02680000669E = {
						CreatedOnToolsVersion = 7.3.1;
						DevelopmentTeam = GNRCM5BXKW;
						TestTargetID = 5E9EE3DB1D0D02680000669E;
					};
					5E9EE3FA1D0D02680000669E = {
						CreatedOnToolsVersion = 7.3.1;
						DevelopmentTeam = GNRCM5BXKW;
						TestTargetID = 5E9EE3DB1D0D02680000669E;
					};
				};
			};
			buildConfigurationList = 5E9EE3D71D0D02680000669E /* Build configuration list for PBXProject "MemeApp1.0" */;
			compatibilityVersion = "Xcode 3.2";
			developmentRegion = English;
			hasScannedForEncodings = 0;
			knownRegions = (
				en,
				Base,
			);
			mainGroup = 5E9EE3D31D0D02680000669E;
			productRefGroup = 5E9EE3DD1D0D02680000669E /* Products */;
			projectDirPath = "";
			projectRoot = "";
			targets = (
				5E9EE3DB1D0D02680000669E /* MemeApp1.0 */,
				5E9EE3EF1D0D02680000669E /* MemeApp1.0Tests */,
				5E9EE3FA1D0D02680000669E /* MemeApp1.0UITests */,
			);
		};
/* End PBXProject section */

/* Begin PBXResourcesBuildPhase section */
		5E9EE3DA1D0D02680000669E /* Resources */ = {
			isa = PBXResourcesBuildPhase;
			buildActionMask = 2147483647;
			files = (
				5E9EE3EA1D0D02680000669E /* LaunchScreen.storyboard in Resources */,
				5E9EE3E71D0D02680000669E /* Assets.xcassets in Resources */,
				5E9EE3E51D0D02680000669E /* Main.storyboard in Resources */,
			);
			runOnlyForDeploymentPostprocessing = 0;
		};
		5E9EE3EE1D0D02680000669E /* Resources */ = {
			isa = PBXResourcesBuildPhase;
			buildActionMask = 2147483647;
			files = (
			);
			runOnlyForDeploymentPostprocessing = 0;
		};
		5E9EE3F91D0D02680000669E /* Resources */ = {
			isa = PBXResourcesBuildPhase;
			buildActionMask = 2147483647;
			files = (
			);
			runOnlyForDeploymentPostprocessing = 0;
		};
/* End PBXResourcesBuildPhase section */

/* Begin PBXSourcesBuildPhase section */
		5E9EE3D81D0D02680000669E /* Sources */ = {
			isa = PBXSourcesBuildPhase;
			buildActionMask = 2147483647;
			files = (
				5E9EE3E21D0D02680000669E /* ViewController.swift in Sources */,
				5E9EE3E01D0D02680000669E /* AppDelegate.swift in Sources */,
			);
			runOnlyForDeploymentPostprocessing = 0;
		};
		5E9EE3EC1D0D02680000669E /* Sources */ = {
			isa = PBXSourcesBuildPhase;
			buildActionMask = 2147483647;
			files = (
				5E9EE3F51D0D02680000669E /* MemeApp1_0Tests.swift in Sources */,
			);
			runOnlyForDeploymentPostprocessing = 0;
		};
		5E9EE3F71D0D02680000669E /* Sources */ = {
			isa = PBXSourcesBuildPhase;
			buildActionMask = 2147483647;
			files = (
				5E9EE4001D0D02680000669E /* MemeApp1_0UITests.swift in Sources */,
			);
			runOnlyForDeploymentPostprocessing = 0;
		};
/* End PBXSourcesBuildPhase section */

/* Begin PBXTargetDependency section */
		5E9EE3F21D0D02680000669E /* PBXTargetDependency */ = {
			isa = PBXTargetDependency;
			target = 5E9EE3DB1D0D02680000669E /* MemeApp1.0 */;
			targetProxy = 5E9EE3F11D0D02680000669E /* PBXContainerItemProxy */;
		};
		5E9EE3FD1D0D02680000669E /* PBXTargetDependency */ = {
			isa = PBXTargetDependency;
			target = 5E9EE3DB1D0D02680000669E /* MemeApp1.0 */;
			targetProxy = 5E9EE3FC1D0D02680000669E /* PBXContainerItemProxy */;
		};
/* End PBXTargetDependency section */

/* Begin PBXVariantGroup section */
		5E9EE3E31D0D02680000669E /* Main.storyboard */ = {
			isa = PBXVariantGroup;
			children = (
				5E9EE3E41D0D02680000669E /* Base */,
			);
			name = Main.storyboard;
			sourceTree = "<group>";
		};
		5E9EE3E81D0D02680000669E /* LaunchScreen.storyboard */ = {
			isa = PBXVariantGroup;
			children = (
				5E9EE3E91D0D02680000669E /* Base */,
			);
			name = LaunchScreen.storyboard;
			sourceTree = "<group>";
		};
/* End PBXVariantGroup section */

/* Begin XCBuildConfiguration section */
		5E9EE4021D0D02680000669E /* Debug */ = {
			isa = XCBuildConfiguration;
			buildSettings = {
				ALWAYS_SEARCH_USER_PATHS = NO;
				CLANG_ANALYZER_NONNULL = YES;
				CLANG_CXX_LANGUAGE_STANDARD = "gnu++0x";
				CLANG_CXX_LIBRARY = "libc++";
				CLANG_ENABLE_MODULES = YES;
				CLANG_ENABLE_OBJC_ARC = YES;
				CLANG_WARN_BOOL_CONVERSION = YES;
				CLANG_WARN_CONSTANT_CONVERSION = YES;
				CLANG_WARN_DIRECT_OBJC_ISA_USAGE = YES_ERROR;
				CLANG_WARN_EMPTY_BODY = YES;
				CLANG_WARN_ENUM_CONVERSION = YES;
				CLANG_WARN_INT_CONVERSION = YES;
				CLANG_WARN_OBJC_ROOT_CLASS = YES_ERROR;
				CLANG_WARN_UNREACHABLE_CODE = YES;
				CLANG_WARN__DUPLICATE_METHOD_MATCH = YES;
				"CODE_SIGN_IDENTITY[sdk=iphoneos*]" = "iPhone Developer";
				COPY_PHASE_STRIP = NO;
				DEBUG_INFORMATION_FORMAT = dwarf;
				ENABLE_STRICT_OBJC_MSGSEND = YES;
				ENABLE_TESTABILITY = YES;
				GCC_C_LANGUAGE_STANDARD = gnu99;
				GCC_DYNAMIC_NO_PIC = NO;
				GCC_NO_COMMON_BLOCKS = YES;
				GCC_OPTIMIZATION_LEVEL = 0;
				GCC_PREPROCESSOR_DEFINITIONS = (
					"DEBUG=1",
					"$(inherited)",
				);
				GCC_WARN_64_TO_32_BIT_CONVERSION = YES;
				GCC_WARN_ABOUT_RETURN_TYPE = YES_ERROR;
				GCC_WARN_UNDECLARED_SELECTOR = YES;
				GCC_WARN_UNINITIALIZED_AUTOS = YES_AGGRESSIVE;
				GCC_WARN_UNUSED_FUNCTION = YES;
				GCC_WARN_UNUSED_VARIABLE = YES;
				IPHONEOS_DEPLOYMENT_TARGET = 9.3;
				MTL_ENABLE_DEBUG_INFO = YES;
				ONLY_ACTIVE_ARCH = YES;
				SDKROOT = iphoneos;
				SWIFT_OPTIMIZATION_LEVEL = "-Onone";
			};
			name = Debug;
		};
		5E9EE4031D0D02680000669E /* Release */ = {
			isa = XCBuildConfiguration;
			buildSettings = {
				ALWAYS_SEARCH_USER_PATHS = NO;
				CLANG_ANALYZER_NONNULL = YES;
				CLANG_CXX_LANGUAGE_STANDARD = "gnu++0x";
				CLANG_CXX_LIBRARY = "libc++";
				CLANG_ENABLE_MODULES = YES;
				CLANG_ENABLE_OBJC_ARC = YES;
				CLANG_WARN_BOOL_CONVERSION = YES;
				CLANG_WARN_CONSTANT_CONVERSION = YES;
				CLANG_WARN_DIRECT_OBJC_ISA_USAGE = YES_ERROR;
				CLANG_WARN_EMPTY_BODY = YES;
				CLANG_WARN_ENUM_CONVERSION = YES;
				CLANG_WARN_INT_CONVERSION = YES;
				CLANG_WARN_OBJC_ROOT_CLASS = YES_ERROR;
				CLANG_WARN_UNREACHABLE_CODE = YES;
				CLANG_WARN__DUPLICATE_METHOD_MATCH = YES;
				"CODE_SIGN_IDENTITY[sdk=iphoneos*]" = "iPhone Developer";
				COPY_PHASE_STRIP = NO;
				DEBUG_INFORMATION_FORMAT = "dwarf-with-dsym";
				ENABLE_NS_ASSERTIONS = NO;
				ENABLE_STRICT_OBJC_MSGSEND = YES;
				GCC_C_LANGUAGE_STANDARD = gnu99;
				GCC_NO_COMMON_BLOCKS = YES;
				GCC_WARN_64_TO_32_BIT_CONVERSION = YES;
				GCC_WARN_ABOUT_RETURN_TYPE = YES_ERROR;
				GCC_WARN_UNDECLARED_SELECTOR = YES;
				GCC_WARN_UNINITIALIZED_AUTOS = YES_AGGRESSIVE;
				GCC_WARN_UNUSED_FUNCTION = YES;
				GCC_WARN_UNUSED_VARIABLE = YES;
				IPHONEOS_DEPLOYMENT_TARGET = 9.3;
				MTL_ENABLE_DEBUG_INFO = NO;
				SDKROOT = iphoneos;
				VALIDATE_PRODUCT = YES;
			};
			name = Release;
		};
		5E9EE4051D0D02680000669E /* Debug */ = {
			isa = XCBuildConfiguration;
			buildSettings = {
				ASSETCATALOG_COMPILER_APPICON_NAME = AppIcon;
				CODE_SIGN_IDENTITY = "iPhone Developer";
				"CODE_SIGN_IDENTITY[sdk=iphoneos*]" = "iPhone Developer";
				INFOPLIST_FILE = MemeApp1.0/Info.plist;
				LD_RUNPATH_SEARCH_PATHS = "$(inherited) @executable_path/Frameworks";
				PRODUCT_BUNDLE_IDENTIFIER = "com.akshaytiyer.MemeApp1-0";
				PRODUCT_NAME = "$(TARGET_NAME)";
				PROVISIONING_PROFILE = "";
			};
			name = Debug;
		};
		5E9EE4061D0D02680000669E /* Release */ = {
			isa = XCBuildConfiguration;
			buildSettings = {
				ASSETCATALOG_COMPILER_APPICON_NAME = AppIcon;
				CODE_SIGN_IDENTITY = "iPhone Developer";
				"CODE_SIGN_IDENTITY[sdk=iphoneos*]" = "iPhone Developer";
				INFOPLIST_FILE = MemeApp1.0/Info.plist;
				LD_RUNPATH_SEARCH_PATHS = "$(inherited) @executable_path/Frameworks";
				PRODUCT_BUNDLE_IDENTIFIER = "com.akshaytiyer.MemeApp1-0";
				PRODUCT_NAME = "$(TARGET_NAME)";
				PROVISIONING_PROFILE = "";
			};
			name = Release;
		};
		5E9EE4081D0D02680000669E /* Debug */ = {
			isa = XCBuildConfiguration;
			buildSettings = {
				BUNDLE_LOADER = "$(TEST_HOST)";
				INFOPLIST_FILE = MemeApp1.0Tests/Info.plist;
				LD_RUNPATH_SEARCH_PATHS = "$(inherited) @executable_path/Frameworks @loader_path/Frameworks";
				PRODUCT_BUNDLE_IDENTIFIER = "com.akshaytiyer.MemeApp1-0Tests";
				PRODUCT_NAME = "$(TARGET_NAME)";
				TEST_HOST = "$(BUILT_PRODUCTS_DIR)/MemeApp1.0.app/MemeApp1.0";
			};
			name = Debug;
		};
		5E9EE4091D0D02680000669E /* Release */ = {
			isa = XCBuildConfiguration;
			buildSettings = {
				BUNDLE_LOADER = "$(TEST_HOST)";
				INFOPLIST_FILE = MemeApp1.0Tests/Info.plist;
				LD_RUNPATH_SEARCH_PATHS = "$(inherited) @executable_path/Frameworks @loader_path/Frameworks";
				PRODUCT_BUNDLE_IDENTIFIER = "com.akshaytiyer.MemeApp1-0Tests";
				PRODUCT_NAME = "$(TARGET_NAME)";
				TEST_HOST = "$(BUILT_PRODUCTS_DIR)/MemeApp1.0.app/MemeApp1.0";
			};
			name = Release;
		};
		5E9EE40B1D0D02680000669E /* Debug */ = {
			isa = XCBuildConfiguration;
			buildSettings = {
				INFOPLIST_FILE = MemeApp1.0UITests/Info.plist;
				LD_RUNPATH_SEARCH_PATHS = "$(inherited) @executable_path/Frameworks @loader_path/Frameworks";
				PRODUCT_BUNDLE_IDENTIFIER = "com.akshaytiyer.MemeApp1-0UITests";
				PRODUCT_NAME = "$(TARGET_NAME)";
				TEST_TARGET_NAME = MemeApp1.0;
			};
			name = Debug;
		};
		5E9EE40C1D0D02680000669E /* Release */ = {
			isa = XCBuildConfiguration;
			buildSettings = {
				INFOPLIST_FILE = MemeApp1.0UITests/Info.plist;
				LD_RUNPATH_SEARCH_PATHS = "$(inherited) @executable_path/Frameworks @loader_path/Frameworks";
				PRODUCT_BUNDLE_IDENTIFIER = "com.akshaytiyer.MemeApp1-0UITests";
				PRODUCT_NAME = "$(TARGET_NAME)";
				TEST_TARGET_NAME = MemeApp1.0;
			};
			name = Release;
		};
/* End XCBuildConfiguration section */

/* Begin XCConfigurationList section */
		5E9EE3D71D0D02680000669E /* Build configuration list for PBXProject "MemeApp1.0" */ = {
			isa = XCConfigurationList;
			buildConfigurations = (
				5E9EE4021D0D02680000669E /* Debug */,
				5E9EE4031D0D02680000669E /* Release */,
			);
			defaultConfigurationIsVisible = 0;
			defaultConfigurationName = Release;
		};
		5E9EE4041D0D02680000669E /* Build configuration list for PBXNativeTarget "MemeApp1.0" */ = {
			isa = XCConfigurationList;
			buildConfigurations = (
				5E9EE4051D0D02680000669E /* Debug */,
				5E9EE4061D0D02680000669E /* Release */,
			);
			defaultConfigurationIsVisible = 0;
		};
		5E9EE4071D0D02680000669E /* Build configuration list for PBXNativeTarget "MemeApp1.0Tests" */ = {
			isa = XCConfigurationList;
			buildConfigurations = (
				5E9EE4081D0D02680000669E /* Debug */,
				5E9EE4091D0D02680000669E /* Release */,
			);
			defaultConfigurationIsVisible = 0;
		};
		5E9EE40A1D0D02680000669E /* Build configuration list for PBXNativeTarget "MemeApp1.0UITests" */ = {
			isa = XCConfigurationList;
			buildConfigurations = (
				5E9EE40B1D0D02680000669E /* Debug */,
				5E9EE40C1D0D02680000669E /* Release */,
			);
			defaultConfigurationIsVisible = 0;
		};
/* End XCConfigurationList section */
	};
	rootObject = 5E9EE3D41D0D02680000669E /* Project object */;
}
